
Microsoft Visual Studio Solution File, Format Version 12.00
# Visual Studio Version 16
VisualStudioVersion = 16.0.32106.194
MinimumVisualStudioVersion = 10.0.40219.1
Project("{FAE04EC0-301F-11D3-BF4B-00C04F79EFBC}") = "PhysicalQuantity", "PhysicalQuantity\PhysicalQuantity.csproj", "{2FD8DEE2-05A6-49B6-9559-CC77C8BCD3FC}"
EndProject
Global
	GlobalSection(SolutionConfigurationPlatforms) = preSolution
		Debug|Any CPU = Debug|Any CPU
		Release|Any CPU = Release|Any CPU
	EndGlobalSection
	GlobalSection(ProjectConfigurationPlatforms) = postSolution
		{2FD8DEE2-05A6-49B6-9559-CC77C8BCD3FC}.Debug|Any CPU.ActiveCfg = Debug|Any CPU
		{2FD8DEE2-05A6-49B6-9559-CC77C8BCD3FC}.Debug|Any CPU.Build.0 = Debug|Any CPU
		{2FD8DEE2-05A6-49B6-9559-CC77C8BCD3FC}.Release|Any CPU.ActiveCfg = Release|Any CPU
		{2FD8DEE2-05A6-49B6-9559-CC77C8BCD3FC}.Release|Any CPU.Build.0 = Release|Any CPU
	EndGlobalSection
	GlobalSection(SolutionProperties) = preSolution
		HideSolutionNode = FALSE
	EndGlobalSection
	GlobalSection(ExtensibilityGlobals) = postSolution
		SolutionGuid = {F6856616-2CBC-41B9-A5D7-359D10C69761}
	EndGlobalSection
EndGlobal
